
Microsoft Visual Studio Solution File, Format Version 12.00
# Visual Studio 15
VisualStudioVersion = 15.0.26228.4
MinimumVisualStudioVersion = 10.0.40219.1
Project("{2150E333-8FDC-42A3-9474-1A3956D46DE8}") = "Solution Items", "Solution Items", "{64A6A275-E57E-4745-8F44-21009D00B1E2}"
	ProjectSection(SolutionItems) = preProject
		.gitignore = .gitignore
		NuGet.config = NuGet.config
		README.md = README.md
	EndProjectSection
EndProject
Project("{9A19103F-16F7-4668-BE54-9A1E7A4F7556}") = "Nzb", "src\Nzb\Nzb.csproj", "{180AA3A0-6A9D-4893-9BAE-D29AC1187B20}"
EndProject
Global
	GlobalSection(SolutionConfigurationPlatforms) = preSolution
		Debug|Any CPU = Debug|Any CPU
		Release|Any CPU = Release|Any CPU
	EndGlobalSection
	GlobalSection(ProjectConfigurationPlatforms) = postSolution
		{180AA3A0-6A9D-4893-9BAE-D29AC1187B20}.Debug|Any CPU.ActiveCfg = Debug|Any CPU
		{180AA3A0-6A9D-4893-9BAE-D29AC1187B20}.Debug|Any CPU.Build.0 = Debug|Any CPU
		{180AA3A0-6A9D-4893-9BAE-D29AC1187B20}.Release|Any CPU.ActiveCfg = Release|Any CPU
		{180AA3A0-6A9D-4893-9BAE-D29AC1187B20}.Release|Any CPU.Build.0 = Release|Any CPU
	EndGlobalSection
	GlobalSection(SolutionProperties) = preSolution
		HideSolutionNode = FALSE
	EndGlobalSection
EndGlobal
